
Microsoft Visual Studio Solution File, Format Version 11.00
# Visual Studio 2010
Project("{FAE04EC0-301F-11D3-BF4B-00C04F79EFBC}") = "Assembly-CSharp", "Assembly-CSharp.csproj", "{3559852f-bae9-1cf7-8ada-1a96445188a0}"
EndProject
Project("{FAE04EC0-301F-11D3-BF4B-00C04F79EFBC}") = "Assembly-CSharp-Editor", "Assembly-CSharp-Editor.csproj", "{94c4946e-f5d7-851d-79e4-537c15e796e6}"
EndProject
Global
	GlobalSection(SolutionConfigurationPlatforms) = preSolution
		Debug|Any CPU = Debug|Any CPU
	EndGlobalSection
	GlobalSection(ProjectConfigurationPlatforms) = postSolution
		{3559852f-bae9-1cf7-8ada-1a96445188a0}.Debug|Any CPU.ActiveCfg = Debug|Any CPU
		{3559852f-bae9-1cf7-8ada-1a96445188a0}.Debug|Any CPU.Build.0 = Debug|Any CPU
		{94c4946e-f5d7-851d-79e4-537c15e796e6}.Debug|Any CPU.ActiveCfg = Debug|Any CPU
		{94c4946e-f5d7-851d-79e4-537c15e796e6}.Debug|Any CPU.Build.0 = Debug|Any CPU
	EndGlobalSection
	GlobalSection(SolutionProperties) = preSolution
		HideSolutionNode = FALSE
	EndGlobalSection
EndGlobal
